
Microsoft Visual Studio Solution File, Format Version 9.00
# Visual Studio 2005
Project("{8BC9CEB8-8B4A-11D0-8D11-00A0C91BC942}") = "Pt", "src\Pt\Pt-vc8.vcproj", "{D6FC5308-A4A0-419B-929A-362C863FC786}"
EndProject
Project("{8BC9CEB8-8B4A-11D0-8D11-00A0C91BC942}") = "Pt-Db", "src\Pt-Db\Pt-Db-vc8.vcproj", "{FAB5594D-13D5-4D81-9DA2-2A4B8CFD6E48}"
EndProject
Project("{8BC9CEB8-8B4A-11D0-8D11-00A0C91BC942}") = "Pt-Gfx", "src\Pt-Gfx\Pt-Gfx-vc8.vcproj", "{E72BFC53-9B16-4B21-883F-C6C1649B7B88}"
EndProject
Project("{8BC9CEB8-8B4A-11D0-8D11-00A0C91BC942}") = "Pt-Gui", "src\Pt-Gui\Pt-Gui-vc8.vcproj", "{81C9E3DA-9B2A-41B0-A92C-4D7F6E3E3212}"
EndProject
Project("{8BC9CEB8-8B4A-11D0-8D11-00A0C91BC942}") = "Pt-Math", "src\Pt-Math\Pt-Math-vc8.vcproj", "{A4954B16-5C20-40F8-AFC0-B7695AB4C850}"
EndProject
Project("{8BC9CEB8-8B4A-11D0-8D11-00A0C91BC942}") = "Pt-Net", "src\Pt-Net\Pt-Net-vc8.vcproj", "{741C349B-F0B9-40A4-BDAE-50575EA41E80}"
EndProject
Project("{8BC9CEB8-8B4A-11D0-8D11-00A0C91BC942}") = "Pt-System", "src\Pt-System\Pt-System-vc8.vcproj", "{D79858C0-34A5-42DB-B136-456DFC6FB50E}"
	ProjectSection(ProjectDependencies) = postProject
		{D6FC5308-A4A0-419B-929A-362C863FC786} = {D6FC5308-A4A0-419B-929A-362C863FC786}
	EndProjectSection
EndProject
Project("{8BC9CEB8-8B4A-11D0-8D11-00A0C91BC942}") = "Pt-Text", "src\Pt-Text\Pt-Text-vc8.vcproj", "{1CC82693-DB84-4C33-8858-95215DF38754}"
EndProject
Project("{8BC9CEB8-8B4A-11D0-8D11-00A0C91BC942}") = "Pt-Xml", "src\Pt-Xml\Pt-Xml-vc8.vcproj", "{7B07CB50-60AE-4DB6-BD36-B1392A4B3AD7}"
EndProject
Project("{8BC9CEB8-8B4A-11D0-8D11-00A0C91BC942}") = "Pt-Test", "src\Pt-Test\Pt-Test.vcproj", "{AED4459E-0B3E-4C2A-9C10-A519FA97C3FE}"
	ProjectSection(ProjectDependencies) = postProject
		{D6FC5308-A4A0-419B-929A-362C863FC786} = {D6FC5308-A4A0-419B-929A-362C863FC786}
		{D79858C0-34A5-42DB-B136-456DFC6FB50E} = {D79858C0-34A5-42DB-B136-456DFC6FB50E}
	EndProjectSection
EndProject
Global
	GlobalSection(SolutionConfigurationPlatforms) = preSolution
		Debug|Pocket PC 2003 (ARMV4) = Debug|Pocket PC 2003 (ARMV4)
		Debug|Win32 = Debug|Win32
		Release|Pocket PC 2003 (ARMV4) = Release|Pocket PC 2003 (ARMV4)
		Release|Win32 = Release|Win32
	EndGlobalSection
	GlobalSection(ProjectConfigurationPlatforms) = postSolution
		{D6FC5308-A4A0-419B-929A-362C863FC786}.Debug|Pocket PC 2003 (ARMV4).ActiveCfg = Debug|Pocket PC 2003 (ARMV4)
		{D6FC5308-A4A0-419B-929A-362C863FC786}.Debug|Pocket PC 2003 (ARMV4).Build.0 = Debug|Pocket PC 2003 (ARMV4)
		{D6FC5308-A4A0-419B-929A-362C863FC786}.Debug|Pocket PC 2003 (ARMV4).Deploy.0 = Debug|Pocket PC 2003 (ARMV4)
		{D6FC5308-A4A0-419B-929A-362C863FC786}.Debug|Win32.ActiveCfg = Debug|Win32
		{D6FC5308-A4A0-419B-929A-362C863FC786}.Debug|Win32.Build.0 = Debug|Win32
		{D6FC5308-A4A0-419B-929A-362C863FC786}.Release|Pocket PC 2003 (ARMV4).ActiveCfg = Release|Pocket PC 2003 (ARMV4)
		{D6FC5308-A4A0-419B-929A-362C863FC786}.Release|Pocket PC 2003 (ARMV4).Build.0 = Release|Pocket PC 2003 (ARMV4)
		{D6FC5308-A4A0-419B-929A-362C863FC786}.Release|Pocket PC 2003 (ARMV4).Deploy.0 = Release|Pocket PC 2003 (ARMV4)
		{D6FC5308-A4A0-419B-929A-362C863FC786}.Release|Win32.ActiveCfg = Release|Win32
		{D6FC5308-A4A0-419B-929A-362C863FC786}.Release|Win32.Build.0 = Release|Win32
		{FAB5594D-13D5-4D81-9DA2-2A4B8CFD6E48}.Debug|Pocket PC 2003 (ARMV4).ActiveCfg = Debug|Pocket PC 2003 (ARMV4)
		{FAB5594D-13D5-4D81-9DA2-2A4B8CFD6E48}.Debug|Win32.ActiveCfg = Debug|Win32
		{FAB5594D-13D5-4D81-9DA2-2A4B8CFD6E48}.Debug|Win32.Build.0 = Debug|Win32
		{FAB5594D-13D5-4D81-9DA2-2A4B8CFD6E48}.Release|Pocket PC 2003 (ARMV4).ActiveCfg = Release|Win32
		{FAB5594D-13D5-4D81-9DA2-2A4B8CFD6E48}.Release|Win32.ActiveCfg = Release|Win32
		{FAB5594D-13D5-4D81-9DA2-2A4B8CFD6E48}.Release|Win32.Build.0 = Release|Win32
		{E72BFC53-9B16-4B21-883F-C6C1649B7B88}.Debug|Pocket PC 2003 (ARMV4).ActiveCfg = Debug|Pocket PC 2003 (ARMV4)
		{E72BFC53-9B16-4B21-883F-C6C1649B7B88}.Debug|Pocket PC 2003 (ARMV4).Build.0 = Debug|Pocket PC 2003 (ARMV4)
		{E72BFC53-9B16-4B21-883F-C6C1649B7B88}.Debug|Pocket PC 2003 (ARMV4).Deploy.0 = Debug|Pocket PC 2003 (ARMV4)
		{E72BFC53-9B16-4B21-883F-C6C1649B7B88}.Debug|Win32.ActiveCfg = Debug|Win32
		{E72BFC53-9B16-4B21-883F-C6C1649B7B88}.Debug|Win32.Build.0 = Debug|Win32
		{E72BFC53-9B16-4B21-883F-C6C1649B7B88}.Release|Pocket PC 2003 (ARMV4).ActiveCfg = Release|Pocket PC 2003 (ARMV4)
		{E72BFC53-9B16-4B21-883F-C6C1649B7B88}.Release|Pocket PC 2003 (ARMV4).Build.0 = Release|Pocket PC 2003 (ARMV4)
		{E72BFC53-9B16-4B21-883F-C6C1649B7B88}.Release|Pocket PC 2003 (ARMV4).Deploy.0 = Release|Pocket PC 2003 (ARMV4)
		{E72BFC53-9B16-4B21-883F-C6C1649B7B88}.Release|Win32.ActiveCfg = Release|Win32
		{E72BFC53-9B16-4B21-883F-C6C1649B7B88}.Release|Win32.Build.0 = Release|Win32
		{81C9E3DA-9B2A-41B0-A92C-4D7F6E3E3212}.Debug|Pocket PC 2003 (ARMV4).ActiveCfg = Debug|Pocket PC 2003 (ARMV4)
		{81C9E3DA-9B2A-41B0-A92C-4D7F6E3E3212}.Debug|Pocket PC 2003 (ARMV4).Build.0 = Debug|Pocket PC 2003 (ARMV4)
		{81C9E3DA-9B2A-41B0-A92C-4D7F6E3E3212}.Debug|Pocket PC 2003 (ARMV4).Deploy.0 = Debug|Pocket PC 2003 (ARMV4)
		{81C9E3DA-9B2A-41B0-A92C-4D7F6E3E3212}.Debug|Win32.ActiveCfg = Debug|Win32
		{81C9E3DA-9B2A-41B0-A92C-4D7F6E3E3212}.Debug|Win32.Build.0 = Debug|Win32
		{81C9E3DA-9B2A-41B0-A92C-4D7F6E3E3212}.Release|Pocket PC 2003 (ARMV4).ActiveCfg = Release|Pocket PC 2003 (ARMV4)
		{81C9E3DA-9B2A-41B0-A92C-4D7F6E3E3212}.Release|Pocket PC 2003 (ARMV4).Build.0 = Release|Pocket PC 2003 (ARMV4)
		{81C9E3DA-9B2A-41B0-A92C-4D7F6E3E3212}.Release|Pocket PC 2003 (ARMV4).Deploy.0 = Release|Pocket PC 2003 (ARMV4)
		{81C9E3DA-9B2A-41B0-A92C-4D7F6E3E3212}.Release|Win32.ActiveCfg = Release|Win32
		{81C9E3DA-9B2A-41B0-A92C-4D7F6E3E3212}.Release|Win32.Build.0 = Release|Win32
		{A4954B16-5C20-40F8-AFC0-B7695AB4C850}.Debug|Pocket PC 2003 (ARMV4).ActiveCfg = Debug|Pocket PC 2003 (ARMV4)
		{A4954B16-5C20-40F8-AFC0-B7695AB4C850}.Debug|Pocket PC 2003 (ARMV4).Build.0 = Debug|Pocket PC 2003 (ARMV4)
		{A4954B16-5C20-40F8-AFC0-B7695AB4C850}.Debug|Pocket PC 2003 (ARMV4).Deploy.0 = Debug|Pocket PC 2003 (ARMV4)
		{A4954B16-5C20-40F8-AFC0-B7695AB4C850}.Debug|Win32.ActiveCfg = Debug|Win32
		{A4954B16-5C20-40F8-AFC0-B7695AB4C850}.Debug|Win32.Build.0 = Debug|Win32
		{A4954B16-5C20-40F8-AFC0-B7695AB4C850}.Release|Pocket PC 2003 (ARMV4).ActiveCfg = Release|Pocket PC 2003 (ARMV4)
		{A4954B16-5C20-40F8-AFC0-B7695AB4C850}.Release|Pocket PC 2003 (ARMV4).Build.0 = Release|Pocket PC 2003 (ARMV4)
		{A4954B16-5C20-40F8-AFC0-B7695AB4C850}.Release|Pocket PC 2003 (ARMV4).Deploy.0 = Release|Pocket PC 2003 (ARMV4)
		{A4954B16-5C20-40F8-AFC0-B7695AB4C850}.Release|Win32.ActiveCfg = Release|Win32
		{A4954B16-5C20-40F8-AFC0-B7695AB4C850}.Release|Win32.Build.0 = Release|Win32
		{741C349B-F0B9-40A4-BDAE-50575EA41E80}.Debug|Pocket PC 2003 (ARMV4).ActiveCfg = Debug|Pocket PC 2003 (ARMV4)
		{741C349B-F0B9-40A4-BDAE-50575EA41E80}.Debug|Pocket PC 2003 (ARMV4).Build.0 = Debug|Pocket PC 2003 (ARMV4)
		{741C349B-F0B9-40A4-BDAE-50575EA41E80}.Debug|Pocket PC 2003 (ARMV4).Deploy.0 = Debug|Pocket PC 2003 (ARMV4)
		{741C349B-F0B9-40A4-BDAE-50575EA41E80}.Debug|Win32.ActiveCfg = Debug|Win32
		{741C349B-F0B9-40A4-BDAE-50575EA41E80}.Debug|Win32.Build.0 = Debug|Win32
		{741C349B-F0B9-40A4-BDAE-50575EA41E80}.Release|Pocket PC 2003 (ARMV4).ActiveCfg = Release|Pocket PC 2003 (ARMV4)
		{741C349B-F0B9-40A4-BDAE-50575EA41E80}.Release|Pocket PC 2003 (ARMV4).Build.0 = Release|Pocket PC 2003 (ARMV4)
		{741C349B-F0B9-40A4-BDAE-50575EA41E80}.Release|Pocket PC 2003 (ARMV4).Deploy.0 = Release|Pocket PC 2003 (ARMV4)
		{741C349B-F0B9-40A4-BDAE-50575EA41E80}.Release|Win32.ActiveCfg = Release|Win32
		{741C349B-F0B9-40A4-BDAE-50575EA41E80}.Release|Win32.Build.0 = Release|Win32
		{D79858C0-34A5-42DB-B136-456DFC6FB50E}.Debug|Pocket PC 2003 (ARMV4).ActiveCfg = Debug|Pocket PC 2003 (ARMV4)
		{D79858C0-34A5-42DB-B136-456DFC6FB50E}.Debug|Pocket PC 2003 (ARMV4).Build.0 = Debug|Pocket PC 2003 (ARMV4)
		{D79858C0-34A5-42DB-B136-456DFC6FB50E}.Debug|Pocket PC 2003 (ARMV4).Deploy.0 = Debug|Pocket PC 2003 (ARMV4)
		{D79858C0-34A5-42DB-B136-456DFC6FB50E}.Debug|Win32.ActiveCfg = Debug|Win32
		{D79858C0-34A5-42DB-B136-456DFC6FB50E}.Debug|Win32.Build.0 = Debug|Win32
		{D79858C0-34A5-42DB-B136-456DFC6FB50E}.Release|Pocket PC 2003 (ARMV4).ActiveCfg = Release|Pocket PC 2003 (ARMV4)
		{D79858C0-34A5-42DB-B136-456DFC6FB50E}.Release|Pocket PC 2003 (ARMV4).Build.0 = Release|Pocket PC 2003 (ARMV4)
		{D79858C0-34A5-42DB-B136-456DFC6FB50E}.Release|Pocket PC 2003 (ARMV4).Deploy.0 = Release|Pocket PC 2003 (ARMV4)
		{D79858C0-34A5-42DB-B136-456DFC6FB50E}.Release|Win32.ActiveCfg = Release|Win32
		{D79858C0-34A5-42DB-B136-456DFC6FB50E}.Release|Win32.Build.0 = Release|Win32
		{1CC82693-DB84-4C33-8858-95215DF38754}.Debug|Pocket PC 2003 (ARMV4).ActiveCfg = Debug|Pocket PC 2003 (ARMV4)
		{1CC82693-DB84-4C33-8858-95215DF38754}.Debug|Pocket PC 2003 (ARMV4).Build.0 = Debug|Pocket PC 2003 (ARMV4)
		{1CC82693-DB84-4C33-8858-95215DF38754}.Debug|Pocket PC 2003 (ARMV4).Deploy.0 = Debug|Pocket PC 2003 (ARMV4)
		{1CC82693-DB84-4C33-8858-95215DF38754}.Debug|Win32.ActiveCfg = Debug|Win32
		{1CC82693-DB84-4C33-8858-95215DF38754}.Debug|Win32.Build.0 = Debug|Win32
		{1CC82693-DB84-4C33-8858-95215DF38754}.Release|Pocket PC 2003 (ARMV4).ActiveCfg = Release|Pocket PC 2003 (ARMV4)
		{1CC82693-DB84-4C33-8858-95215DF38754}.Release|Pocket PC 2003 (ARMV4).Build.0 = Release|Pocket PC 2003 (ARMV4)
		{1CC82693-DB84-4C33-8858-95215DF38754}.Release|Pocket PC 2003 (ARMV4).Deploy.0 = Release|Pocket PC 2003 (ARMV4)
		{1CC82693-DB84-4C33-8858-95215DF38754}.Release|Win32.ActiveCfg = Release|Win32
		{1CC82693-DB84-4C33-8858-95215DF38754}.Release|Win32.Build.0 = Release|Win32
		{7B07CB50-60AE-4DB6-BD36-B1392A4B3AD7}.Debug|Pocket PC 2003 (ARMV4).ActiveCfg = Debug|Pocket PC 2003 (ARMV4)
		{7B07CB50-60AE-4DB6-BD36-B1392A4B3AD7}.Debug|Pocket PC 2003 (ARMV4).Build.0 = Debug|Pocket PC 2003 (ARMV4)
		{7B07CB50-60AE-4DB6-BD36-B1392A4B3AD7}.Debug|Pocket PC 2003 (ARMV4).Deploy.0 = Debug|Pocket PC 2003 (ARMV4)
		{7B07CB50-60AE-4DB6-BD36-B1392A4B3AD7}.Debug|Win32.ActiveCfg = Debug|Win32
		{7B07CB50-60AE-4DB6-BD36-B1392A4B3AD7}.Debug|Win32.Build.0 = Debug|Win32
		{7B07CB50-60AE-4DB6-BD36-B1392A4B3AD7}.Release|Pocket PC 2003 (ARMV4).ActiveCfg = Release|Pocket PC 2003 (ARMV4)
		{7B07CB50-60AE-4DB6-BD36-B1392A4B3AD7}.Release|Pocket PC 2003 (ARMV4).Build.0 = Release|Pocket PC 2003 (ARMV4)
		{7B07CB50-60AE-4DB6-BD36-B1392A4B3AD7}.Release|Pocket PC 2003 (ARMV4).Deploy.0 = Release|Pocket PC 2003 (ARMV4)
		{7B07CB50-60AE-4DB6-BD36-B1392A4B3AD7}.Release|Win32.ActiveCfg = Release|Win32
		{7B07CB50-60AE-4DB6-BD36-B1392A4B3AD7}.Release|Win32.Build.0 = Release|Win32
		{AED4459E-0B3E-4C2A-9C10-A519FA97C3FE}.Debug|Pocket PC 2003 (ARMV4).ActiveCfg = Debug|Pocket PC 2003 (ARMV4)
		{AED4459E-0B3E-4C2A-9C10-A519FA97C3FE}.Debug|Pocket PC 2003 (ARMV4).Build.0 = Debug|Pocket PC 2003 (ARMV4)
		{AED4459E-0B3E-4C2A-9C10-A519FA97C3FE}.Debug|Pocket PC 2003 (ARMV4).Deploy.0 = Debug|Pocket PC 2003 (ARMV4)
		{AED4459E-0B3E-4C2A-9C10-A519FA97C3FE}.Debug|Win32.ActiveCfg = Debug|Win32
		{AED4459E-0B3E-4C2A-9C10-A519FA97C3FE}.Debug|Win32.Build.0 = Debug|Win32
		{AED4459E-0B3E-4C2A-9C10-A519FA97C3FE}.Release|Pocket PC 2003 (ARMV4).ActiveCfg = Release|Pocket PC 2003 (ARMV4)
		{AED4459E-0B3E-4C2A-9C10-A519FA97C3FE}.Release|Pocket PC 2003 (ARMV4).Build.0 = Release|Pocket PC 2003 (ARMV4)
		{AED4459E-0B3E-4C2A-9C10-A519FA97C3FE}.Release|Pocket PC 2003 (ARMV4).Deploy.0 = Release|Pocket PC 2003 (ARMV4)
		{AED4459E-0B3E-4C2A-9C10-A519FA97C3FE}.Release|Win32.ActiveCfg = Release|Win32
		{AED4459E-0B3E-4C2A-9C10-A519FA97C3FE}.Release|Win32.Build.0 = Release|Win32
	EndGlobalSection
	GlobalSection(SolutionProperties) = preSolution
		HideSolutionNode = FALSE
	EndGlobalSection
EndGlobal
