
Microsoft Visual Studio Solution File, Format Version 11.00
# Visual C++ Express 2010
Project("{8BC9CEB8-8B4A-11D0-8D11-00A0C91BC942}") = "Pt", "Pt.vcxproj", "{E956F801-3E1C-476C-85E0-4EB0FDCC15BC}"
EndProject
Global
	GlobalSection(SolutionConfigurationPlatforms) = preSolution
		Configured|Configured = Configured|Configured
	EndGlobalSection
	GlobalSection(ProjectConfigurationPlatforms) = postSolution
		{E956F801-3E1C-476C-85E0-4EB0FDCC15BC}.Configured|Configured.ActiveCfg = Configured|Win32
		{E956F801-3E1C-476C-85E0-4EB0FDCC15BC}.Configured|Configured.Build.0 = Configured|Win32
	EndGlobalSection
	GlobalSection(SolutionProperties) = preSolution
		HideSolutionNode = FALSE
	EndGlobalSection
EndGlobal
