
Microsoft Visual Studio Solution File, Format Version 9.00
# Visual Studio 2005
Project("{8BC9CEB8-8B4A-11D0-8D11-00A0C91BC942}") = "Pt", "Pt.vcproj", "{D6FC5308-A4A0-419B-929A-362C863FC786}"
EndProject
Project("{8BC9CEB8-8B4A-11D0-8D11-00A0C91BC942}") = "Pt-test", "Pt-test.vcproj", "{D6FC5308-A4A0-419B-929A-362C863FC787}"
EndProject
Project("{8BC9CEB8-8B4A-11D0-8D11-00A0C91BC942}") = "Pt-System", "Pt-System.vcproj", "{D6FC5308-A4A0-419B-929A-362C863FC788}"
EndProject
Project("{8BC9CEB8-8B4A-11D0-8D11-00A0C91BC942}") = "Pt-System-test", "Pt-System-test.vcproj", "{D6FC5308-A4A0-419B-929A-362C863FC789}"
EndProject
Project("{8BC9CEB8-8B4A-11D0-8D11-00A0C91BC942}") = "Pt-Net", "Pt-Net.vcproj", "{D6FC5308-A4A0-419B-929A-362C863FC790}"
EndProject
Project("{8BC9CEB8-8B4A-11D0-8D11-00A0C91BC942}") = "Pt-Net-test", "Pt-Net-test.vcproj", "{D6FC5308-A4A0-419B-929A-362C863FC791}"
EndProject
Project("{8BC9CEB8-8B4A-11D0-8D11-00A0C91BC942}") = "Pt-Unit", "Pt-Unit.vcproj", "{D6FC5308-A4A0-419B-929A-362C863FC792}"
EndProject
Project("{8BC9CEB8-8B4A-11D0-8D11-00A0C91BC942}") = "Pt-Xml", "Pt-Xml.vcproj", "{D6FC5308-A4A0-419B-929A-362C863FC793}"
EndProject
Project("{8BC9CEB8-8B4A-11D0-8D11-00A0C91BC942}") = "Pt-Xml-test", "Pt-Xml-test.vcproj", "{D6FC5308-A4A0-419B-929A-362C863FC794}"
EndProject
Project("{8BC9CEB8-8B4A-11D0-8D11-00A0C91BC942}") = "Pt-Http", "Pt-Http.vcproj", "{D6FC5308-A4A0-419B-929A-362C863FC795}"
EndProject
Project("{8BC9CEB8-8B4A-11D0-8D11-00A0C91BC942}") = "Pt-Http-test", "Pt-Http-test.vcproj", "{D6FC5308-A4A0-419B-929A-362C863FC796}"
EndProject
Project("{8BC9CEB8-8B4A-11D0-8D11-00A0C91BC942}") = "Pt-XmlRpc", "Pt-XmlRpc.vcproj", "{D6FC5308-A4A0-419B-929A-362C863FC797}"
EndProject
Project("{8BC9CEB8-8B4A-11D0-8D11-00A0C91BC942}") = "Pt-XmlRpc-test", "Pt-XmlRpc-test.vcproj", "{D6FC5308-A4A0-419B-929A-362C863FC798}"
EndProject
Project("{8BC9CEB8-8B4A-11D0-8D11-00A0C91BC942}") = "Pt-Db", "Pt-Db.vcproj", "{D6FC5308-A4A0-419B-929A-362C863FC801}"
EndProject
Project("{8BC9CEB8-8B4A-11D0-8D11-00A0C91BC942}") = "Pt-Db-test", "Pt-Db-test.vcproj", "{D6FC5308-A4A0-419B-929A-362C863FC802}"
EndProject
Project("{8BC9CEB8-8B4A-11D0-8D11-00A0C91BC942}") = "Pt-Gfx", "Pt-Gfx.vcproj", "{D6FC5308-A4A0-419B-929A-362C863FC799}"
EndProject
Project("{8BC9CEB8-8B4A-11D0-8D11-00A0C91BC942}") = "Pt-Gui", "Pt-Gui.vcproj", "{D6FC5308-A4A0-419B-929A-362C863FC800}"
EndProject
Global
	GlobalSection(SolutionConfigurationPlatforms) = preSolution
		Debug|Pocket PC 2003 (ARMV4) = Debug|Pocket PC 2003 (ARMV4)
		Debug|Win32 = Debug|Win32
		Release|Pocket PC 2003 (ARMV4) = Release|Pocket PC 2003 (ARMV4)
		Release|Win32 = Release|Win32
	EndGlobalSection
	GlobalSection(ProjectConfigurationPlatforms) = postSolution
		{D6FC5308-A4A0-419B-929A-362C863FC786}.Debug|Pocket PC 2003 (ARMV4).ActiveCfg = Debug|Pocket PC 2003 (ARMV4)
		{D6FC5308-A4A0-419B-929A-362C863FC786}.Debug|Pocket PC 2003 (ARMV4).Build.0 = Debug|Pocket PC 2003 (ARMV4)
		{D6FC5308-A4A0-419B-929A-362C863FC786}.Debug|Pocket PC 2003 (ARMV4).Deploy.0 = Debug|Pocket PC 2003 (ARMV4)
		{D6FC5308-A4A0-419B-929A-362C863FC786}.Debug|Win32.ActiveCfg = Debug|Win32
		{D6FC5308-A4A0-419B-929A-362C863FC786}.Debug|Win32.Build.0 = Debug|Win32
		{D6FC5308-A4A0-419B-929A-362C863FC786}.Release|Pocket PC 2003 (ARMV4).ActiveCfg = Release|Pocket PC 2003 (ARMV4)
		{D6FC5308-A4A0-419B-929A-362C863FC786}.Release|Pocket PC 2003 (ARMV4).Build.0 = Release|Pocket PC 2003 (ARMV4)
		{D6FC5308-A4A0-419B-929A-362C863FC786}.Release|Pocket PC 2003 (ARMV4).Deploy.0 = Release|Pocket PC 2003 (ARMV4)
		{D6FC5308-A4A0-419B-929A-362C863FC786}.Release|Win32.ActiveCfg = Release|Win32
		{D6FC5308-A4A0-419B-929A-362C863FC786}.Release|Win32.Build.0 = Release|Win32
		{D6FC5308-A4A0-419B-929A-362C863FC787}.Debug|Pocket PC 2003 (ARMV4).ActiveCfg = Debug|Pocket PC 2003 (ARMV4)
		{D6FC5308-A4A0-419B-929A-362C863FC787}.Debug|Pocket PC 2003 (ARMV4).Build.0 = Debug|Pocket PC 2003 (ARMV4)
		{D6FC5308-A4A0-419B-929A-362C863FC787}.Debug|Pocket PC 2003 (ARMV4).Deploy.0 = Debug|Pocket PC 2003 (ARMV4)
		{D6FC5308-A4A0-419B-929A-362C863FC787}.Debug|Win32.ActiveCfg = Debug|Win32
		{D6FC5308-A4A0-419B-929A-362C863FC787}.Debug|Win32.Build.0 = Debug|Win32
		{D6FC5308-A4A0-419B-929A-362C863FC787}.Release|Pocket PC 2003 (ARMV4).ActiveCfg = Release|Pocket PC 2003 (ARMV4)
		{D6FC5308-A4A0-419B-929A-362C863FC787}.Release|Pocket PC 2003 (ARMV4).Build.0 = Release|Pocket PC 2003 (ARMV4)
		{D6FC5308-A4A0-419B-929A-362C863FC787}.Release|Pocket PC 2003 (ARMV4).Deploy.0 = Release|Pocket PC 2003 (ARMV4)
		{D6FC5308-A4A0-419B-929A-362C863FC787}.Release|Win32.ActiveCfg = Release|Win32
		{D6FC5308-A4A0-419B-929A-362C863FC787}.Release|Win32.Build.0 = Release|Win32
		{D6FC5308-A4A0-419B-929A-362C863FC788}.Debug|Pocket PC 2003 (ARMV4).ActiveCfg = Debug|Pocket PC 2003 (ARMV4)
		{D6FC5308-A4A0-419B-929A-362C863FC788}.Debug|Pocket PC 2003 (ARMV4).Build.0 = Debug|Pocket PC 2003 (ARMV4)
		{D6FC5308-A4A0-419B-929A-362C863FC788}.Debug|Pocket PC 2003 (ARMV4).Deploy.0 = Debug|Pocket PC 2003 (ARMV4)
		{D6FC5308-A4A0-419B-929A-362C863FC788}.Debug|Win32.ActiveCfg = Debug|Win32
		{D6FC5308-A4A0-419B-929A-362C863FC788}.Debug|Win32.Build.0 = Debug|Win32
		{D6FC5308-A4A0-419B-929A-362C863FC788}.Release|Pocket PC 2003 (ARMV4).ActiveCfg = Release|Pocket PC 2003 (ARMV4)
		{D6FC5308-A4A0-419B-929A-362C863FC788}.Release|Pocket PC 2003 (ARMV4).Build.0 = Release|Pocket PC 2003 (ARMV4)
		{D6FC5308-A4A0-419B-929A-362C863FC788}.Release|Pocket PC 2003 (ARMV4).Deploy.0 = Release|Pocket PC 2003 (ARMV4)
		{D6FC5308-A4A0-419B-929A-362C863FC788}.Release|Win32.ActiveCfg = Release|Win32
		{D6FC5308-A4A0-419B-929A-362C863FC788}.Release|Win32.Build.0 = Release|Win32
		{D6FC5308-A4A0-419B-929A-362C863FC789}.Debug|Pocket PC 2003 (ARMV4).ActiveCfg = Debug|Pocket PC 2003 (ARMV4)
		{D6FC5308-A4A0-419B-929A-362C863FC789}.Debug|Pocket PC 2003 (ARMV4).Build.0 = Debug|Pocket PC 2003 (ARMV4)
		{D6FC5308-A4A0-419B-929A-362C863FC789}.Debug|Pocket PC 2003 (ARMV4).Deploy.0 = Debug|Pocket PC 2003 (ARMV4)
		{D6FC5308-A4A0-419B-929A-362C863FC789}.Debug|Win32.ActiveCfg = Debug|Win32
		{D6FC5308-A4A0-419B-929A-362C863FC789}.Debug|Win32.Build.0 = Debug|Win32
		{D6FC5308-A4A0-419B-929A-362C863FC789}.Release|Pocket PC 2003 (ARMV4).ActiveCfg = Release|Pocket PC 2003 (ARMV4)
		{D6FC5308-A4A0-419B-929A-362C863FC789}.Release|Pocket PC 2003 (ARMV4).Build.0 = Release|Pocket PC 2003 (ARMV4)
		{D6FC5308-A4A0-419B-929A-362C863FC789}.Release|Pocket PC 2003 (ARMV4).Deploy.0 = Release|Pocket PC 2003 (ARMV4)
		{D6FC5308-A4A0-419B-929A-362C863FC789}.Release|Win32.ActiveCfg = Release|Win32
		{D6FC5308-A4A0-419B-929A-362C863FC789}.Release|Win32.Build.0 = Release|Win32
		{D6FC5308-A4A0-419B-929A-362C863FC790}.Debug|Pocket PC 2003 (ARMV4).ActiveCfg = Debug|Pocket PC 2003 (ARMV4)
		{D6FC5308-A4A0-419B-929A-362C863FC790}.Debug|Pocket PC 2003 (ARMV4).Build.0 = Debug|Pocket PC 2003 (ARMV4)
		{D6FC5308-A4A0-419B-929A-362C863FC790}.Debug|Pocket PC 2003 (ARMV4).Deploy.0 = Debug|Pocket PC 2003 (ARMV4)
		{D6FC5308-A4A0-419B-929A-362C863FC790}.Debug|Win32.ActiveCfg = Debug|Win32
		{D6FC5308-A4A0-419B-929A-362C863FC790}.Debug|Win32.Build.0 = Debug|Win32
		{D6FC5308-A4A0-419B-929A-362C863FC790}.Release|Pocket PC 2003 (ARMV4).ActiveCfg = Release|Pocket PC 2003 (ARMV4)
		{D6FC5308-A4A0-419B-929A-362C863FC790}.Release|Pocket PC 2003 (ARMV4).Build.0 = Release|Pocket PC 2003 (ARMV4)
		{D6FC5308-A4A0-419B-929A-362C863FC790}.Release|Pocket PC 2003 (ARMV4).Deploy.0 = Release|Pocket PC 2003 (ARMV4)
		{D6FC5308-A4A0-419B-929A-362C863FC790}.Release|Win32.ActiveCfg = Release|Win32
		{D6FC5308-A4A0-419B-929A-362C863FC790}.Release|Win32.Build.0 = Release|Win32
		{D6FC5308-A4A0-419B-929A-362C863FC791}.Debug|Pocket PC 2003 (ARMV4).ActiveCfg = Debug|Pocket PC 2003 (ARMV4)
		{D6FC5308-A4A0-419B-929A-362C863FC791}.Debug|Pocket PC 2003 (ARMV4).Build.0 = Debug|Pocket PC 2003 (ARMV4)
		{D6FC5308-A4A0-419B-929A-362C863FC791}.Debug|Pocket PC 2003 (ARMV4).Deploy.0 = Debug|Pocket PC 2003 (ARMV4)
		{D6FC5308-A4A0-419B-929A-362C863FC791}.Debug|Win32.ActiveCfg = Debug|Win32
		{D6FC5308-A4A0-419B-929A-362C863FC791}.Debug|Win32.Build.0 = Debug|Win32
		{D6FC5308-A4A0-419B-929A-362C863FC791}.Release|Pocket PC 2003 (ARMV4).ActiveCfg = Release|Pocket PC 2003 (ARMV4)
		{D6FC5308-A4A0-419B-929A-362C863FC791}.Release|Pocket PC 2003 (ARMV4).Build.0 = Release|Pocket PC 2003 (ARMV4)
		{D6FC5308-A4A0-419B-929A-362C863FC791}.Release|Pocket PC 2003 (ARMV4).Deploy.0 = Release|Pocket PC 2003 (ARMV4)
		{D6FC5308-A4A0-419B-929A-362C863FC791}.Release|Win32.ActiveCfg = Release|Win32
		{D6FC5308-A4A0-419B-929A-362C863FC791}.Release|Win32.Build.0 = Release|Win32
		{D6FC5308-A4A0-419B-929A-362C863FC792}.Debug|Pocket PC 2003 (ARMV4).ActiveCfg = Debug|Pocket PC 2003 (ARMV4)
		{D6FC5308-A4A0-419B-929A-362C863FC792}.Debug|Pocket PC 2003 (ARMV4).Build.0 = Debug|Pocket PC 2003 (ARMV4)
		{D6FC5308-A4A0-419B-929A-362C863FC792}.Debug|Pocket PC 2003 (ARMV4).Deploy.0 = Debug|Pocket PC 2003 (ARMV4)
		{D6FC5308-A4A0-419B-929A-362C863FC792}.Debug|Win32.ActiveCfg = Debug|Win32
		{D6FC5308-A4A0-419B-929A-362C863FC792}.Debug|Win32.Build.0 = Debug|Win32
		{D6FC5308-A4A0-419B-929A-362C863FC792}.Release|Pocket PC 2003 (ARMV4).ActiveCfg = Release|Pocket PC 2003 (ARMV4)
		{D6FC5308-A4A0-419B-929A-362C863FC792}.Release|Pocket PC 2003 (ARMV4).Build.0 = Release|Pocket PC 2003 (ARMV4)
		{D6FC5308-A4A0-419B-929A-362C863FC792}.Release|Pocket PC 2003 (ARMV4).Deploy.0 = Release|Pocket PC 2003 (ARMV4)
		{D6FC5308-A4A0-419B-929A-362C863FC792}.Release|Win32.ActiveCfg = Release|Win32
		{D6FC5308-A4A0-419B-929A-362C863FC792}.Release|Win32.Build.0 = Release|Win32
		{D6FC5308-A4A0-419B-929A-362C863FC793}.Debug|Pocket PC 2003 (ARMV4).ActiveCfg = Debug|Pocket PC 2003 (ARMV4)
		{D6FC5308-A4A0-419B-929A-362C863FC793}.Debug|Pocket PC 2003 (ARMV4).Build.0 = Debug|Pocket PC 2003 (ARMV4)
		{D6FC5308-A4A0-419B-929A-362C863FC793}.Debug|Pocket PC 2003 (ARMV4).Deploy.0 = Debug|Pocket PC 2003 (ARMV4)
		{D6FC5308-A4A0-419B-929A-362C863FC793}.Debug|Win32.ActiveCfg = Debug|Win32
		{D6FC5308-A4A0-419B-929A-362C863FC793}.Debug|Win32.Build.0 = Debug|Win32
		{D6FC5308-A4A0-419B-929A-362C863FC793}.Release|Pocket PC 2003 (ARMV4).ActiveCfg = Release|Pocket PC 2003 (ARMV4)
		{D6FC5308-A4A0-419B-929A-362C863FC793}.Release|Pocket PC 2003 (ARMV4).Build.0 = Release|Pocket PC 2003 (ARMV4)
		{D6FC5308-A4A0-419B-929A-362C863FC793}.Release|Pocket PC 2003 (ARMV4).Deploy.0 = Release|Pocket PC 2003 (ARMV4)
		{D6FC5308-A4A0-419B-929A-362C863FC793}.Release|Win32.ActiveCfg = Release|Win32
		{D6FC5308-A4A0-419B-929A-362C863FC793}.Release|Win32.Build.0 = Release|Win32
		{D6FC5308-A4A0-419B-929A-362C863FC794}.Debug|Pocket PC 2003 (ARMV4).ActiveCfg = Debug|Pocket PC 2003 (ARMV4)
		{D6FC5308-A4A0-419B-929A-362C863FC794}.Debug|Pocket PC 2003 (ARMV4).Build.0 = Debug|Pocket PC 2003 (ARMV4)
		{D6FC5308-A4A0-419B-929A-362C863FC794}.Debug|Pocket PC 2003 (ARMV4).Deploy.0 = Debug|Pocket PC 2003 (ARMV4)
		{D6FC5308-A4A0-419B-929A-362C863FC794}.Debug|Win32.ActiveCfg = Debug|Win32
		{D6FC5308-A4A0-419B-929A-362C863FC794}.Debug|Win32.Build.0 = Debug|Win32
		{D6FC5308-A4A0-419B-929A-362C863FC794}.Release|Pocket PC 2003 (ARMV4).ActiveCfg = Release|Pocket PC 2003 (ARMV4)
		{D6FC5308-A4A0-419B-929A-362C863FC794}.Release|Pocket PC 2003 (ARMV4).Build.0 = Release|Pocket PC 2003 (ARMV4)
		{D6FC5308-A4A0-419B-929A-362C863FC794}.Release|Pocket PC 2003 (ARMV4).Deploy.0 = Release|Pocket PC 2003 (ARMV4)
		{D6FC5308-A4A0-419B-929A-362C863FC794}.Release|Win32.ActiveCfg = Release|Win32
		{D6FC5308-A4A0-419B-929A-362C863FC794}.Release|Win32.Build.0 = Release|Win32
		{D6FC5308-A4A0-419B-929A-362C863FC795}.Debug|Pocket PC 2003 (ARMV4).ActiveCfg = Debug|Pocket PC 2003 (ARMV4)
		{D6FC5308-A4A0-419B-929A-362C863FC795}.Debug|Pocket PC 2003 (ARMV4).Build.0 = Debug|Pocket PC 2003 (ARMV4)
		{D6FC5308-A4A0-419B-929A-362C863FC795}.Debug|Pocket PC 2003 (ARMV4).Deploy.0 = Debug|Pocket PC 2003 (ARMV4)
		{D6FC5308-A4A0-419B-929A-362C863FC795}.Debug|Win32.ActiveCfg = Debug|Win32
		{D6FC5308-A4A0-419B-929A-362C863FC795}.Debug|Win32.Build.0 = Debug|Win32
		{D6FC5308-A4A0-419B-929A-362C863FC795}.Release|Pocket PC 2003 (ARMV4).ActiveCfg = Release|Pocket PC 2003 (ARMV4)
		{D6FC5308-A4A0-419B-929A-362C863FC795}.Release|Pocket PC 2003 (ARMV4).Build.0 = Release|Pocket PC 2003 (ARMV4)
		{D6FC5308-A4A0-419B-929A-362C863FC795}.Release|Pocket PC 2003 (ARMV4).Deploy.0 = Release|Pocket PC 2003 (ARMV4)
		{D6FC5308-A4A0-419B-929A-362C863FC795}.Release|Win32.ActiveCfg = Release|Win32
		{D6FC5308-A4A0-419B-929A-362C863FC795}.Release|Win32.Build.0 = Release|Win32
		{D6FC5308-A4A0-419B-929A-362C863FC796}.Debug|Pocket PC 2003 (ARMV4).ActiveCfg = Debug|Pocket PC 2003 (ARMV4)
		{D6FC5308-A4A0-419B-929A-362C863FC796}.Debug|Pocket PC 2003 (ARMV4).Build.0 = Debug|Pocket PC 2003 (ARMV4)
		{D6FC5308-A4A0-419B-929A-362C863FC796}.Debug|Pocket PC 2003 (ARMV4).Deploy.0 = Debug|Pocket PC 2003 (ARMV4)
		{D6FC5308-A4A0-419B-929A-362C863FC796}.Debug|Win32.ActiveCfg = Debug|Win32
		{D6FC5308-A4A0-419B-929A-362C863FC796}.Debug|Win32.Build.0 = Debug|Win32
		{D6FC5308-A4A0-419B-929A-362C863FC796}.Release|Pocket PC 2003 (ARMV4).ActiveCfg = Release|Pocket PC 2003 (ARMV4)
		{D6FC5308-A4A0-419B-929A-362C863FC796}.Release|Pocket PC 2003 (ARMV4).Build.0 = Release|Pocket PC 2003 (ARMV4)
		{D6FC5308-A4A0-419B-929A-362C863FC796}.Release|Pocket PC 2003 (ARMV4).Deploy.0 = Release|Pocket PC 2003 (ARMV4)
		{D6FC5308-A4A0-419B-929A-362C863FC796}.Release|Win32.ActiveCfg = Release|Win32
		{D6FC5308-A4A0-419B-929A-362C863FC796}.Release|Win32.Build.0 = Release|Win32
		{D6FC5308-A4A0-419B-929A-362C863FC797}.Debug|Pocket PC 2003 (ARMV4).ActiveCfg = Debug|Pocket PC 2003 (ARMV4)
		{D6FC5308-A4A0-419B-929A-362C863FC797}.Debug|Pocket PC 2003 (ARMV4).Build.0 = Debug|Pocket PC 2003 (ARMV4)
		{D6FC5308-A4A0-419B-929A-362C863FC797}.Debug|Pocket PC 2003 (ARMV4).Deploy.0 = Debug|Pocket PC 2003 (ARMV4)
		{D6FC5308-A4A0-419B-929A-362C863FC797}.Debug|Win32.ActiveCfg = Debug|Win32
		{D6FC5308-A4A0-419B-929A-362C863FC797}.Debug|Win32.Build.0 = Debug|Win32
		{D6FC5308-A4A0-419B-929A-362C863FC797}.Release|Pocket PC 2003 (ARMV4).ActiveCfg = Release|Pocket PC 2003 (ARMV4)
		{D6FC5308-A4A0-419B-929A-362C863FC797}.Release|Pocket PC 2003 (ARMV4).Build.0 = Release|Pocket PC 2003 (ARMV4)
		{D6FC5308-A4A0-419B-929A-362C863FC797}.Release|Pocket PC 2003 (ARMV4).Deploy.0 = Release|Pocket PC 2003 (ARMV4)
		{D6FC5308-A4A0-419B-929A-362C863FC797}.Release|Win32.ActiveCfg = Release|Win32
		{D6FC5308-A4A0-419B-929A-362C863FC797}.Release|Win32.Build.0 = Release|Win32
		{D6FC5308-A4A0-419B-929A-362C863FC798}.Debug|Pocket PC 2003 (ARMV4).ActiveCfg = Debug|Pocket PC 2003 (ARMV4)
		{D6FC5308-A4A0-419B-929A-362C863FC798}.Debug|Pocket PC 2003 (ARMV4).Build.0 = Debug|Pocket PC 2003 (ARMV4)
		{D6FC5308-A4A0-419B-929A-362C863FC798}.Debug|Pocket PC 2003 (ARMV4).Deploy.0 = Debug|Pocket PC 2003 (ARMV4)
		{D6FC5308-A4A0-419B-929A-362C863FC798}.Debug|Win32.ActiveCfg = Debug|Win32
		{D6FC5308-A4A0-419B-929A-362C863FC798}.Debug|Win32.Build.0 = Debug|Win32
		{D6FC5308-A4A0-419B-929A-362C863FC798}.Release|Pocket PC 2003 (ARMV4).ActiveCfg = Release|Pocket PC 2003 (ARMV4)
		{D6FC5308-A4A0-419B-929A-362C863FC798}.Release|Pocket PC 2003 (ARMV4).Build.0 = Release|Pocket PC 2003 (ARMV4)
		{D6FC5308-A4A0-419B-929A-362C863FC798}.Release|Pocket PC 2003 (ARMV4).Deploy.0 = Release|Pocket PC 2003 (ARMV4)
		{D6FC5308-A4A0-419B-929A-362C863FC798}.Release|Win32.ActiveCfg = Release|Win32
		{D6FC5308-A4A0-419B-929A-362C863FC798}.Release|Win32.Build.0 = Release|Win32
		{D6FC5308-A4A0-419B-929A-362C863FC801}.Debug|Pocket PC 2003 (ARMV4).ActiveCfg = Debug|Pocket PC 2003 (ARMV4)
		{D6FC5308-A4A0-419B-929A-362C863FC801}.Debug|Pocket PC 2003 (ARMV4).Build.0 = Debug|Pocket PC 2003 (ARMV4)
		{D6FC5308-A4A0-419B-929A-362C863FC801}.Debug|Pocket PC 2003 (ARMV4).Deploy.0 = Debug|Pocket PC 2003 (ARMV4)
		{D6FC5308-A4A0-419B-929A-362C863FC801}.Debug|Win32.ActiveCfg = Debug|Win32
		{D6FC5308-A4A0-419B-929A-362C863FC801}.Debug|Win32.Build.0 = Debug|Win32
		{D6FC5308-A4A0-419B-929A-362C863FC801}.Release|Pocket PC 2003 (ARMV4).ActiveCfg = Release|Pocket PC 2003 (ARMV4)
		{D6FC5308-A4A0-419B-929A-362C863FC801}.Release|Pocket PC 2003 (ARMV4).Build.0 = Release|Pocket PC 2003 (ARMV4)
		{D6FC5308-A4A0-419B-929A-362C863FC801}.Release|Pocket PC 2003 (ARMV4).Deploy.0 = Release|Pocket PC 2003 (ARMV4)
		{D6FC5308-A4A0-419B-929A-362C863FC801}.Release|Win32.ActiveCfg = Release|Win32
		{D6FC5308-A4A0-419B-929A-362C863FC801}.Release|Win32.Build.0 = Release|Win32
		{D6FC5308-A4A0-419B-929A-362C863FC802}.Debug|Pocket PC 2003 (ARMV4).ActiveCfg = Debug|Pocket PC 2003 (ARMV4)
		{D6FC5308-A4A0-419B-929A-362C863FC802}.Debug|Pocket PC 2003 (ARMV4).Build.0 = Debug|Pocket PC 2003 (ARMV4)
		{D6FC5308-A4A0-419B-929A-362C863FC802}.Debug|Pocket PC 2003 (ARMV4).Deploy.0 = Debug|Pocket PC 2003 (ARMV4)
		{D6FC5308-A4A0-419B-929A-362C863FC802}.Debug|Win32.ActiveCfg = Debug|Win32
		{D6FC5308-A4A0-419B-929A-362C863FC802}.Debug|Win32.Build.0 = Debug|Win32
		{D6FC5308-A4A0-419B-929A-362C863FC802}.Release|Pocket PC 2003 (ARMV4).ActiveCfg = Release|Pocket PC 2003 (ARMV4)
		{D6FC5308-A4A0-419B-929A-362C863FC802}.Release|Pocket PC 2003 (ARMV4).Build.0 = Release|Pocket PC 2003 (ARMV4)
		{D6FC5308-A4A0-419B-929A-362C863FC802}.Release|Pocket PC 2003 (ARMV4).Deploy.0 = Release|Pocket PC 2003 (ARMV4)
		{D6FC5308-A4A0-419B-929A-362C863FC802}.Release|Win32.ActiveCfg = Release|Win32
		{D6FC5308-A4A0-419B-929A-362C863FC802}.Release|Win32.Build.0 = Release|Win32
		{D6FC5308-A4A0-419B-929A-362C863FC799}.Debug|Pocket PC 2003 (ARMV4).ActiveCfg = Debug|Pocket PC 2003 (ARMV4)
		{D6FC5308-A4A0-419B-929A-362C863FC799}.Debug|Pocket PC 2003 (ARMV4).Build.0 = Debug|Pocket PC 2003 (ARMV4)
		{D6FC5308-A4A0-419B-929A-362C863FC799}.Debug|Pocket PC 2003 (ARMV4).Deploy.0 = Debug|Pocket PC 2003 (ARMV4)
		{D6FC5308-A4A0-419B-929A-362C863FC799}.Debug|Win32.ActiveCfg = Debug|Win32
		{D6FC5308-A4A0-419B-929A-362C863FC799}.Debug|Win32.Build.0 = Debug|Win32
		{D6FC5308-A4A0-419B-929A-362C863FC799}.Release|Pocket PC 2003 (ARMV4).ActiveCfg = Release|Pocket PC 2003 (ARMV4)
		{D6FC5308-A4A0-419B-929A-362C863FC799}.Release|Pocket PC 2003 (ARMV4).Build.0 = Release|Pocket PC 2003 (ARMV4)
		{D6FC5308-A4A0-419B-929A-362C863FC799}.Release|Pocket PC 2003 (ARMV4).Deploy.0 = Release|Pocket PC 2003 (ARMV4)
		{D6FC5308-A4A0-419B-929A-362C863FC799}.Release|Win32.ActiveCfg = Release|Win32
		{D6FC5308-A4A0-419B-929A-362C863FC799}.Release|Win32.Build.0 = Release|Win32
		{D6FC5308-A4A0-419B-929A-362C863FC800}.Debug|Pocket PC 2003 (ARMV4).ActiveCfg = Debug|Pocket PC 2003 (ARMV4)
		{D6FC5308-A4A0-419B-929A-362C863FC800}.Debug|Pocket PC 2003 (ARMV4).Build.0 = Debug|Pocket PC 2003 (ARMV4)
		{D6FC5308-A4A0-419B-929A-362C863FC800}.Debug|Pocket PC 2003 (ARMV4).Deploy.0 = Debug|Pocket PC 2003 (ARMV4)
		{D6FC5308-A4A0-419B-929A-362C863FC800}.Debug|Win32.ActiveCfg = Debug|Win32
		{D6FC5308-A4A0-419B-929A-362C863FC800}.Debug|Win32.Build.0 = Debug|Win32
		{D6FC5308-A4A0-419B-929A-362C863FC800}.Release|Pocket PC 2003 (ARMV4).ActiveCfg = Release|Pocket PC 2003 (ARMV4)
		{D6FC5308-A4A0-419B-929A-362C863FC800}.Release|Pocket PC 2003 (ARMV4).Build.0 = Release|Pocket PC 2003 (ARMV4)
		{D6FC5308-A4A0-419B-929A-362C863FC800}.Release|Pocket PC 2003 (ARMV4).Deploy.0 = Release|Pocket PC 2003 (ARMV4)
		{D6FC5308-A4A0-419B-929A-362C863FC800}.Release|Win32.ActiveCfg = Release|Win32
		{D6FC5308-A4A0-419B-929A-362C863FC800}.Release|Win32.Build.0 = Release|Win32
	EndGlobalSection
	GlobalSection(SolutionProperties) = preSolution
		HideSolutionNode = FALSE
	EndGlobalSection
EndGlobal
